{
    "_readme": [
        "This file locks the dependencies of your project to a known state",
        "Read more about it at http://getcomposer.org/doc/01-basic-usage.md#composer-lock-the-lock-file",
        "This file is @generated automatically"
    ],
    "hash": "fbfb71ec356a5aa17171052c50834f10",
    "packages": [
        {
            "name": "harp-orm/identity-map",
            "version": "0.1.0",
            "source": {
                "type": "git",
                "url": "https://github.com/harp-orm/identity-map.git",
                "reference": "eb41803dfec9b0492cf697739745022dd0c53b50"
            },
            "dist": {
                "type": "zip",
                "url": "https://api.github.com/repos/harp-orm/identity-map/zipball/eb41803dfec9b0492cf697739745022dd0c53b50",
                "reference": "eb41803dfec9b0492cf697739745022dd0c53b50",
                "shasum": ""
            },
            "type": "library",
            "autoload": {
                "psr-4": {
                    "Harp\\IdentityMap\\": "src/"
                }
            },
            "license": [
                "BSD-3-Clause"
            ],
            "authors": [
                {
                    "name": "Ivan Kerin",
                    "email": "ikerin@gmail.com",
                    "role": "Author"
                }
            ],
            "description": "Allow only identical objects",
            "support": {
                "source": "https://github.com/harp-orm/identity-map/tree/master",
                "issues": "https://github.com/harp-orm/identity-map/issues"
            },
            "time": "2014-09-03 12:55:26"
        },
        {
            "name": "harp-orm/query",
            "version": "0.2.3",
            "source": {
                "type": "git",
                "url": "https://github.com/harp-orm/query.git",
                "reference": "a0627bedc11d062580fc33b71e57f9d8df45bdbc"
            },
            "dist": {
                "type": "zip",
                "url": "https://api.github.com/repos/harp-orm/query/zipball/a0627bedc11d062580fc33b71e57f9d8df45bdbc",
                "reference": "a0627bedc11d062580fc33b71e57f9d8df45bdbc",
                "shasum": ""
            },
            "require": {
                "php": ">=5.3.0",
                "psr/log": "~1.0"
            },
            "require-dev": {
                "clippings/env-backup": "~0.2.4"
            },
            "type": "library",
            "autoload": {
                "psr-4": {
                    "Harp\\Query\\": "src/"
                }
            },
            "notification-url": "https://packagist.org/downloads/",
            "license": [
                "BSD-3-Clause"
            ],
            "authors": [
                {
                    "name": "Ivan Kerin",
                    "email": "ikerin@gmail.com",
                    "homepage": "http://www.openbuildings.com",
                    "role": "Author"
                },
                {
                    "name": "Haralan Dobrev",
                    "email": "hkdobrev@gmail.com",
                    "homepage": "http://hkdobrev.blogspot.com",
                    "role": "Developer"
                }
            ],
            "description": "SQL Builder for PDO",
            "time": "2014-07-07 11:52:30"
        },
        {
            "name": "harp-orm/serializer",
            "version": "0.1.1",
            "source": {
                "type": "git",
                "url": "https://github.com/harp-orm/serializer.git",
                "reference": "652a190ceabb4f3c55a41f33e0b23ba5197bd964"
            },
            "dist": {
                "type": "zip",
                "url": "https://api.github.com/repos/harp-orm/serializer/zipball/652a190ceabb4f3c55a41f33e0b23ba5197bd964",
                "reference": "652a190ceabb4f3c55a41f33e0b23ba5197bd964",
                "shasum": ""
            },
            "type": "library",
            "autoload": {
                "psr-4": {
                    "Harp\\Serializer\\": "src/"
                }
            },
            "notification-url": "https://packagist.org/downloads/",
            "license": [
                "BSD-3-Clause"
            ],
            "authors": [
                {
                    "name": "Ivan Kerin",
                    "email": "ikerin@gmail.com",
                    "homepage": "http://www.openbuildings.com",
                    "role": "Author"
                }
            ],
            "description": "Serialize object properties",
            "time": "2014-07-17 11:30:08"
        },
        {
            "name": "harp-orm/util",
            "version": "0.2.2",
            "source": {
                "type": "git",
                "url": "https://github.com/harp-orm/util.git",
                "reference": "b077d11dd15bf111313484aa427825a54808671d"
            },
            "dist": {
                "type": "zip",
                "url": "https://api.github.com/repos/harp-orm/util/zipball/b077d11dd15bf111313484aa427825a54808671d",
                "reference": "b077d11dd15bf111313484aa427825a54808671d",
                "shasum": ""
            },
            "type": "library",
            "autoload": {
                "psr-4": {
                    "Harp\\Util\\": "src/"
                }
            },
            "notification-url": "https://packagist.org/downloads/",
            "license": [
                "BSD-3-Clause"
            ],
            "authors": [
                {
                    "name": "Ivan Kerin",
                    "email": "ikerin@gmail.com",
                    "homepage": "http://www.openbuildings.com",
                    "role": "Author"
                }
            ],
            "description": "General purpose helper methods",
            "time": "2014-07-17 15:29:20"
        },
        {
            "name": "harp-orm/validate",
            "version": "dev-master",
            "source": {
                "type": "git",
                "url": "https://github.com/harp-orm/validate.git",
                "reference": "77c46132a8eb6d0a1421a28896a172a63134772f"
            },
            "dist": {
                "type": "zip",
                "url": "https://api.github.com/repos/harp-orm/validate/zipball/77c46132a8eb6d0a1421a28896a172a63134772f",
                "reference": "77c46132a8eb6d0a1421a28896a172a63134772f",
                "shasum": ""
            },
            "type": "library",
            "autoload": {
                "psr-4": {
                    "Harp\\Validate\\": "src/"
                }
            },
            "license": [
                "BSD-3-Clause"
            ],
            "authors": [
                {
                    "name": "Ivan Kerin",
                    "email": "ikerin@gmail.com",
                    "role": "Author"
                }
            ],
            "description": "Object validaiton library",
            "support": {
                "source": "https://github.com/harp-orm/validate/tree/master",
                "issues": "https://github.com/harp-orm/validate/issues"
            },
            "time": "2014-09-05 13:11:45"
        },
        {
            "name": "psr/log",
            "version": "1.0.0",
            "source": {
                "type": "git",
                "url": "https://github.com/php-fig/log.git",
                "reference": "fe0936ee26643249e916849d48e3a51d5f5e278b"
            },
            "dist": {
                "type": "zip",
                "url": "https://api.github.com/repos/php-fig/log/zipball/fe0936ee26643249e916849d48e3a51d5f5e278b",
                "reference": "fe0936ee26643249e916849d48e3a51d5f5e278b",
                "shasum": ""
            },
            "type": "library",
            "autoload": {
                "psr-0": {
                    "Psr\\Log\\": ""
                }
            },
            "notification-url": "https://packagist.org/downloads/",
            "license": [
                "MIT"
            ],
            "authors": [
                {
                    "name": "PHP-FIG",
                    "homepage": "http://www.php-fig.org/"
                }
            ],
            "description": "Common interface for logging libraries",
            "keywords": [
                "log",
                "psr",
                "psr-3"
            ],
            "time": "2012-12-21 11:40:51"
        }
    ],
    "packages-dev": [

    ],
    "aliases": [

    ],
    "minimum-stability": "stable",
    "stability-flags": {
        "harp-orm/validate": 20
    },
    "prefer-stable": false,
    "platform": {
        "php": ">=5.4.0"
    },
    "platform-dev": [

    ]
}
