{
    "_readme": [
        "This file locks the dependencies of your project to a known state",
        "Read more about it at http://getcomposer.org/doc/01-basic-usage.md#composer-lock-the-lock-file"
    ],
    "hash": "404c4f4d97529784d80ac873372359c9",
    "packages": [
        {
            "name": "clippings/atlas",
            "version": "dev-master",
            "source": {
                "type": "git",
                "url": "https://github.com/clippings/atlas.git",
                "reference": "dc8a437c81a791dc233097454a2cef43f8a9f15b"
            },
            "dist": {
                "type": "zip",
                "url": "https://api.github.com/repos/clippings/atlas/zipball/dc8a437c81a791dc233097454a2cef43f8a9f15b",
                "reference": "dc8a437c81a791dc233097454a2cef43f8a9f15b",
                "shasum": ""
            },
            "require": {
                "ext-pdo": "*",
                "php": ">=5.3.0"
            },
            "require-dev": {
                "clippings/env-backup": "~0.2.4"
            },
            "type": "library",
            "autoload": {
                "psr-4": {
                    "CL\\Atlas\\": "src/"
                }
            },
            "notification-url": "https://packagist.org/downloads/",
            "license": [
                "BSD-3-Clause"
            ],
            "authors": [
                {
                    "name": "Ivan Kerin",
                    "email": "ikerin@gmail.com",
                    "homepage": "http://www.openbuildings.com",
                    "role": "Author"
                },
                {
                    "name": "Haralan Dobrev",
                    "email": "hkdobrev@gmail.com",
                    "homepage": "http://hkdobrev.blogspot.com",
                    "role": "Developer"
                }
            ],
            "description": "SQL Builder for PDO",
            "time": "2014-04-10 10:15:10"
        },
        {
            "name": "clippings/carpo",
            "version": "dev-master",
            "source": {
                "type": "git",
                "url": "https://github.com/clippings/carpo.git",
                "reference": "f466f9db5de58fa68380ed62c32204f0561c4658"
            },
            "dist": {
                "type": "zip",
                "url": "https://api.github.com/repos/clippings/carpo/zipball/f466f9db5de58fa68380ed62c32204f0561c4658",
                "reference": "f466f9db5de58fa68380ed62c32204f0561c4658",
                "shasum": ""
            },
            "type": "library",
            "autoload": {
                "psr-4": {
                    "CL\\Carpo\\": "src/"
                }
            },
            "notification-url": "https://packagist.org/downloads/",
            "license": [
                "BSD-3-Clause"
            ],
            "authors": [
                {
                    "name": "Ivan Kerin",
                    "email": "ikerin@gmail.com",
                    "homepage": "http://www.openbuildings.com",
                    "role": "Author"
                }
            ],
            "description": "Object validaiton library",
            "time": "2014-03-27 13:25:00"
        }
    ],
    "packages-dev": [
        {
            "name": "clippings/env-backup",
            "version": "0.2.4",
            "source": {
                "type": "git",
                "url": "https://github.com/clippings/env-backup.git",
                "reference": "23308787a7acaa0ecafa081d745481aa4328acd8"
            },
            "dist": {
                "type": "zip",
                "url": "https://api.github.com/repos/clippings/env-backup/zipball/23308787a7acaa0ecafa081d745481aa4328acd8",
                "reference": "23308787a7acaa0ecafa081d745481aa4328acd8",
                "shasum": ""
            },
            "type": "library",
            "autoload": {
                "psr-4": {
                    "CL\\EnvBackup\\": "src/"
                }
            },
            "notification-url": "https://packagist.org/downloads/",
            "license": [
                "BSD-3-Clause"
            ],
            "authors": [
                {
                    "name": "Ivan Kerin",
                    "email": "ikerin@gmail.com",
                    "homepage": "http://www.openbuildings.com",
                    "role": "Author"
                }
            ],
            "description": "Backup/restore environment variables: globals, static vars, configs",
            "time": "2014-03-25 16:55:26"
        }
    ],
    "aliases": [

    ],
    "minimum-stability": "stable",
    "stability-flags": {
        "clippings/atlas": 20,
        "clippings/carpo": 20
    },
    "platform": {
        "php": ">=5.4.0"
    },
    "platform-dev": [

    ]
}
